// !$*UTF8*$!
{
	archiveVersion = 1;
	classes = {
	};
	objectVersion = 56;
	objects = {

/* Begin PBXBuildFile section */
		FB31CBAF2CA1C1F800A5A9BC /* ControladorPantallaCitas.swift in Sources */ = {isa = PBXBuildFile; fileRef = FB31CBAE2CA1C1F800A5A9BC /* ControladorPantallaCitas.swift */; };
		FB6A16702CB040B300801324 /* ControladorPantallaTodasCitas.swift in Sources */ = {isa = PBXBuildFile; fileRef = FB6A166F2CB040B300801324 /* ControladorPantallaTodasCitas.swift */; };
		FBB18F352CA7123E00CCD723 /* ControladorPantallaAgregarCita.swift in Sources */ = {isa = PBXBuildFile; fileRef = FBB18F342CA7123E00CCD723 /* ControladorPantallaAgregarCita.swift */; };
		FBFFCE8D2C9B2D05003E5350 /* AppDelegate.swift in Sources */ = {isa = PBXBuildFile; fileRef = FBFFCE8C2C9B2D05003E5350 /* AppDelegate.swift */; };
		FBFFCE8F2C9B2D05003E5350 /* SceneDelegate.swift in Sources */ = {isa = PBXBuildFile; fileRef = FBFFCE8E2C9B2D05003E5350 /* SceneDelegate.swift */; };
		FBFFCE912C9B2D05003E5350 /* ViewController.swift in Sources */ = {isa = PBXBuildFile; fileRef = FBFFCE902C9B2D05003E5350 /* ViewController.swift */; };
		FBFFCE942C9B2D05003E5350 /* Base in Resources */ = {isa = PBXBuildFile; fileRef = FBFFCE932C9B2D05003E5350 /* Base */; };
		FBFFCE962C9B2D06003E5350 /* Assets.xcassets in Resources */ = {isa = PBXBuildFile; fileRef = FBFFCE952C9B2D06003E5350 /* Assets.xcassets */; };
		FBFFCE992C9B2D06003E5350 /* Base in Resources */ = {isa = PBXBuildFile; fileRef = FBFFCE982C9B2D06003E5350 /* Base */; };
		FBFFCEA42C9B2D06003E5350 /* boceto_1Tests.swift in Sources */ = {isa = PBXBuildFile; fileRef = FBFFCEA32C9B2D06003E5350 /* boceto_1Tests.swift */; };
		FBFFCEAE2C9B2D06003E5350 /* boceto_1UITests.swift in Sources */ = {isa = PBXBuildFile; fileRef = FBFFCEAD2C9B2D06003E5350 /* boceto_1UITests.swift */; };
		FBFFCEB02C9B2D06003E5350 /* boceto_1UITestsLaunchTests.swift in Sources */ = {isa = PBXBuildFile; fileRef = FBFFCEAF2C9B2D06003E5350 /* boceto_1UITestsLaunchTests.swift */; };
		FBFFCEBF2C9B3659003E5350 /* Cita.swift in Sources */ = {isa = PBXBuildFile; fileRef = FBFFCEBE2C9B3659003E5350 /* Cita.swift */; };
		FBFFCEC12C9B36FC003E5350 /* generador_de_citas.swift in Sources */ = {isa = PBXBuildFile; fileRef = FBFFCEC02C9B36FC003E5350 /* generador_de_citas.swift */; };
/* End PBXBuildFile section */

/* Begin PBXContainerItemProxy section */
		FBFFCEA02C9B2D06003E5350 /* PBXContainerItemProxy */ = {
			isa = PBXContainerItemProxy;
			containerPortal = FBFFCE812C9B2D05003E5350 /* Project object */;
			proxyType = 1;
			remoteGlobalIDString = FBFFCE882C9B2D05003E5350;
			remoteInfo = boceto_1;
		};
		FBFFCEAA2C9B2D06003E5350 /* PBXContainerItemProxy */ = {
			isa = PBXContainerItemProxy;
			containerPortal = FBFFCE812C9B2D05003E5350 /* Project object */;
			proxyType = 1;
			remoteGlobalIDString = FBFFCE882C9B2D05003E5350;
			remoteInfo = boceto_1;
		};
/* End PBXContainerItemProxy section */

/* Begin PBXFileReference section */
		FB31CBAE2CA1C1F800A5A9BC /* ControladorPantallaCitas.swift */ = {isa = PBXFileReference; lastKnownFileType = sourcecode.swift; path = ControladorPantallaCitas.swift; sourceTree = "<group>"; };
		FB6A166F2CB040B300801324 /* ControladorPantallaTodasCitas.swift */ = {isa = PBXFileReference; lastKnownFileType = sourcecode.swift; path = ControladorPantallaTodasCitas.swift; sourceTree = "<group>"; };
		FBB18F342CA7123E00CCD723 /* ControladorPantallaAgregarCita.swift */ = {isa = PBXFileReference; lastKnownFileType = sourcecode.swift; path = ControladorPantallaAgregarCita.swift; sourceTree = "<group>"; };
		FBFFCE892C9B2D05003E5350 /* boceto_1.app */ = {isa = PBXFileReference; explicitFileType = wrapper.application; includeInIndex = 0; path = boceto_1.app; sourceTree = BUILT_PRODUCTS_DIR; };
		FBFFCE8C2C9B2D05003E5350 /* AppDelegate.swift */ = {isa = PBXFileReference; lastKnownFileType = sourcecode.swift; path = AppDelegate.swift; sourceTree = "<group>"; };
		FBFFCE8E2C9B2D05003E5350 /* SceneDelegate.swift */ = {isa = PBXFileReference; lastKnownFileType = sourcecode.swift; path = SceneDelegate.swift; sourceTree = "<group>"; };
		FBFFCE902C9B2D05003E5350 /* ViewController.swift */ = {isa = PBXFileReference; lastKnownFileType = sourcecode.swift; path = ViewController.swift; sourceTree = "<group>"; };
		FBFFCE932C9B2D05003E5350 /* Base */ = {isa = PBXFileReference; lastKnownFileType = file.storyboard; name = Base; path = Base.lproj/Main.storyboard; sourceTree = "<group>"; };
		FBFFCE952C9B2D06003E5350 /* Assets.xcassets */ = {isa = PBXFileReference; lastKnownFileType = folder.assetcatalog; path = Assets.xcassets; sourceTree = "<group>"; };
		FBFFCE982C9B2D06003E5350 /* Base */ = {isa = PBXFileReference; lastKnownFileType = file.storyboard; name = Base; path = Base.lproj/LaunchScreen.storyboard; sourceTree = "<group>"; };
		FBFFCE9A2C9B2D06003E5350 /* Info.plist */ = {isa = PBXFileReference; lastKnownFileType = text.plist.xml; path = Info.plist; sourceTree = "<group>"; };
		FBFFCE9F2C9B2D06003E5350 /* boceto_1Tests.xctest */ = {isa = PBXFileReference; explicitFileType = wrapper.cfbundle; includeInIndex = 0; path = boceto_1Tests.xctest; sourceTree = BUILT_PRODUCTS_DIR; };
		FBFFCEA32C9B2D06003E5350 /* boceto_1Tests.swift */ = {isa = PBXFileReference; lastKnownFileType = sourcecode.swift; path = boceto_1Tests.swift; sourceTree = "<group>"; };
		FBFFCEA92C9B2D06003E5350 /* boceto_1UITests.xctest */ = {isa = PBXFileReference; explicitFileType = wrapper.cfbundle; includeInIndex = 0; path = boceto_1UITests.xctest; sourceTree = BUILT_PRODUCTS_DIR; };
		FBFFCEAD2C9B2D06003E5350 /* boceto_1UITests.swift */ = {isa = PBXFileReference; lastKnownFileType = sourcecode.swift; path = boceto_1UITests.swift; sourceTree = "<group>"; };
		FBFFCEAF2C9B2D06003E5350 /* boceto_1UITestsLaunchTests.swift */ = {isa = PBXFileReference; lastKnownFileType = sourcecode.swift; path = boceto_1UITestsLaunchTests.swift; sourceTree = "<group>"; };
		FBFFCEBE2C9B3659003E5350 /* Cita.swift */ = {isa = PBXFileReference; lastKnownFileType = sourcecode.swift; path = Cita.swift; sourceTree = "<group>"; };
		FBFFCEC02C9B36FC003E5350 /* generador_de_citas.swift */ = {isa = PBXFileReference; lastKnownFileType = sourcecode.swift; path = generador_de_citas.swift; sourceTree = "<group>"; };
/* End PBXFileReference section */

/* Begin PBXFrameworksBuildPhase section */
		FBFFCE862C9B2D05003E5350 /* Frameworks */ = {
			isa = PBXFrameworksBuildPhase;
			buildActionMask = 2147483647;
			files = (
			);
			runOnlyForDeploymentPostprocessing = 0;
		};
		FBFFCE9C2C9B2D06003E5350 /* Frameworks */ = {
			isa = PBXFrameworksBuildPhase;
			buildActionMask = 2147483647;
			files = (
			);
			runOnlyForDeploymentPostprocessing = 0;
		};
		FBFFCEA62C9B2D06003E5350 /* Frameworks */ = {
			isa = PBXFrameworksBuildPhase;
			buildActionMask = 2147483647;
			files = (
			);
			runOnlyForDeploymentPostprocessing = 0;
		};
/* End PBXFrameworksBuildPhase section */

/* Begin PBXGroup section */
		FB31CBAB2CA1BF2400A5A9BC /* controladores_de_vistas */ = {
			isa = PBXGroup;
			children = (
				FB31CBAE2CA1C1F800A5A9BC /* ControladorPantallaCitas.swift */,
				FBB18F342CA7123E00CCD723 /* ControladorPantallaAgregarCita.swift */,
				FB6A166F2CB040B300801324 /* ControladorPantallaTodasCitas.swift */,
			);
			path = controladores_de_vistas;
			sourceTree = "<group>";
		};
		FBFFCE802C9B2D05003E5350 = {
			isa = PBXGroup;
			children = (
				FBFFCE8B2C9B2D05003E5350 /* boceto_1 */,
				FBFFCEA22C9B2D06003E5350 /* boceto_1Tests */,
				FBFFCEAC2C9B2D06003E5350 /* boceto_1UITests */,
				FBFFCE8A2C9B2D05003E5350 /* Products */,
			);
			sourceTree = "<group>";
		};
		FBFFCE8A2C9B2D05003E5350 /* Products */ = {
			isa = PBXGroup;
			children = (
				FBFFCE892C9B2D05003E5350 /* boceto_1.app */,
				FBFFCE9F2C9B2D06003E5350 /* boceto_1Tests.xctest */,
				FBFFCEA92C9B2D06003E5350 /* boceto_1UITests.xctest */,
			);
			name = Products;
			sourceTree = "<group>";
		};
		FBFFCE8B2C9B2D05003E5350 /* boceto_1 */ = {
			isa = PBXGroup;
			children = (
				FB31CBAB2CA1BF2400A5A9BC /* controladores_de_vistas */,
				FBFFCEBC2C9B3623003E5350 /* controlador */,
				FBFFCEBD2C9B3635003E5350 /* modelo */,
				FBFFCE8C2C9B2D05003E5350 /* AppDelegate.swift */,
				FBFFCE8E2C9B2D05003E5350 /* SceneDelegate.swift */,
				FBFFCE902C9B2D05003E5350 /* ViewController.swift */,
				FBFFCE922C9B2D05003E5350 /* Main.storyboard */,
				FBFFCE952C9B2D06003E5350 /* Assets.xcassets */,
				FBFFCE972C9B2D06003E5350 /* LaunchScreen.storyboard */,
				FBFFCE9A2C9B2D06003E5350 /* Info.plist */,
			);
			path = boceto_1;
			sourceTree = "<group>";
		};
		FBFFCEA22C9B2D06003E5350 /* boceto_1Tests */ = {
			isa = PBXGroup;
			children = (
				FBFFCEA32C9B2D06003E5350 /* boceto_1Tests.swift */,
			);
			path = boceto_1Tests;
			sourceTree = "<group>";
		};
		FBFFCEAC2C9B2D06003E5350 /* boceto_1UITests */ = {
			isa = PBXGroup;
			children = (
				FBFFCEAD2C9B2D06003E5350 /* boceto_1UITests.swift */,
				FBFFCEAF2C9B2D06003E5350 /* boceto_1UITestsLaunchTests.swift */,
			);
			path = boceto_1UITests;
			sourceTree = "<group>";
		};
		FBFFCEBC2C9B3623003E5350 /* controlador */ = {
			isa = PBXGroup;
			children = (
				FBFFCEC02C9B36FC003E5350 /* generador_de_citas.swift */,
			);
			path = controlador;
			sourceTree = "<group>";
		};
		FBFFCEBD2C9B3635003E5350 /* modelo */ = {
			isa = PBXGroup;
			children = (
				FBFFCEBE2C9B3659003E5350 /* Cita.swift */,
			);
			path = modelo;
			sourceTree = "<group>";
		};
/* End PBXGroup section */

/* Begin PBXNativeTarget section */
		FBFFCE882C9B2D05003E5350 /* boceto_1 */ = {
			isa = PBXNativeTarget;
			buildConfigurationList = FBFFCEB32C9B2D06003E5350 /* Build configuration list for PBXNativeTarget "boceto_1" */;
			buildPhases = (
				FBFFCE852C9B2D05003E5350 /* Sources */,
				FBFFCE862C9B2D05003E5350 /* Frameworks */,
				FBFFCE872C9B2D05003E5350 /* Resources */,
			);
			buildRules = (
			);
			dependencies = (
			);
			name = boceto_1;
			productName = boceto_1;
			productReference = FBFFCE892C9B2D05003E5350 /* boceto_1.app */;
			productType = "com.apple.product-type.application";
		};
		FBFFCE9E2C9B2D06003E5350 /* boceto_1Tests */ = {
			isa = PBXNativeTarget;
			buildConfigurationList = FBFFCEB62C9B2D06003E5350 /* Build configuration list for PBXNativeTarget "boceto_1Tests" */;
			buildPhases = (
				FBFFCE9B2C9B2D06003E5350 /* Sources */,
				FBFFCE9C2C9B2D06003E5350 /* Frameworks */,
				FBFFCE9D2C9B2D06003E5350 /* Resources */,
			);
			buildRules = (
			);
			dependencies = (
				FBFFCEA12C9B2D06003E5350 /* PBXTargetDependency */,
			);
			name = boceto_1Tests;
			productName = boceto_1Tests;
			productReference = FBFFCE9F2C9B2D06003E5350 /* boceto_1Tests.xctest */;
			productType = "com.apple.product-type.bundle.unit-test";
		};
		FBFFCEA82C9B2D06003E5350 /* boceto_1UITests */ = {
			isa = PBXNativeTarget;
			buildConfigurationList = FBFFCEB92C9B2D06003E5350 /* Build configuration list for PBXNativeTarget "boceto_1UITests" */;
			buildPhases = (
				FBFFCEA52C9B2D06003E5350 /* Sources */,
				FBFFCEA62C9B2D06003E5350 /* Frameworks */,
				FBFFCEA72C9B2D06003E5350 /* Resources */,
			);
			buildRules = (
			);
			dependencies = (
				FBFFCEAB2C9B2D06003E5350 /* PBXTargetDependency */,
			);
			name = boceto_1UITests;
			productName = boceto_1UITests;
			productReference = FBFFCEA92C9B2D06003E5350 /* boceto_1UITests.xctest */;
			productType = "com.apple.product-type.bundle.ui-testing";
		};
/* End PBXNativeTarget section */

/* Begin PBXProject section */
		FBFFCE812C9B2D05003E5350 /* Project object */ = {
			isa = PBXProject;
			attributes = {
				BuildIndependentTargetsInParallel = 1;
				LastSwiftUpdateCheck = 1540;
				LastUpgradeCheck = 1540;
				TargetAttributes = {
					FBFFCE882C9B2D05003E5350 = {
						CreatedOnToolsVersion = 15.4;
					};
					FBFFCE9E2C9B2D06003E5350 = {
						CreatedOnToolsVersion = 15.4;
						TestTargetID = FBFFCE882C9B2D05003E5350;
					};
					FBFFCEA82C9B2D06003E5350 = {
						CreatedOnToolsVersion = 15.4;
						TestTargetID = FBFFCE882C9B2D05003E5350;
					};
				};
			};
			buildConfigurationList = FBFFCE842C9B2D05003E5350 /* Build configuration list for PBXProject "boceto_1" */;
			compatibilityVersion = "Xcode 14.0";
			developmentRegion = en;
			hasScannedForEncodings = 0;
			knownRegions = (
				en,
				Base,
			);
			mainGroup = FBFFCE802C9B2D05003E5350;
			productRefGroup = FBFFCE8A2C9B2D05003E5350 /* Products */;
			projectDirPath = "";
			projectRoot = "";
			targets = (
				FBFFCE882C9B2D05003E5350 /* boceto_1 */,
				FBFFCE9E2C9B2D06003E5350 /* boceto_1Tests */,
				FBFFCEA82C9B2D06003E5350 /* boceto_1UITests */,
			);
		};
/* End PBXProject section */

/* Begin PBXResourcesBuildPhase section */
		FBFFCE872C9B2D05003E5350 /* Resources */ = {
			isa = PBXResourcesBuildPhase;
			buildActionMask = 2147483647;
			files = (
				FBFFCE962C9B2D06003E5350 /* Assets.xcassets in Resources */,
				FBFFCE992C9B2D06003E5350 /* Base in Resources */,
				FBFFCE942C9B2D05003E5350 /* Base in Resources */,
			);
			runOnlyForDeploymentPostprocessing = 0;
		};
		FBFFCE9D2C9B2D06003E5350 /* Resources */ = {
			isa = PBXResourcesBuildPhase;
			buildActionMask = 2147483647;
			files = (
			);
			runOnlyForDeploymentPostprocessing = 0;
		};
		FBFFCEA72C9B2D06003E5350 /* Resources */ = {
			isa = PBXResourcesBuildPhase;
			buildActionMask = 2147483647;
			files = (
			);
			runOnlyForDeploymentPostprocessing = 0;
		};
/* End PBXResourcesBuildPhase section */

/* Begin PBXSourcesBuildPhase section */
		FBFFCE852C9B2D05003E5350 /* Sources */ = {
			isa = PBXSourcesBuildPhase;
			buildActionMask = 2147483647;
			files = (
				FBFFCE912C9B2D05003E5350 /* ViewController.swift in Sources */,
				FB6A16702CB040B300801324 /* ControladorPantallaTodasCitas.swift in Sources */,
				FBFFCE8D2C9B2D05003E5350 /* AppDelegate.swift in Sources */,
				FBFFCEC12C9B36FC003E5350 /* generador_de_citas.swift in Sources */,
				FBB18F352CA7123E00CCD723 /* ControladorPantallaAgregarCita.swift in Sources */,
				FBFFCEBF2C9B3659003E5350 /* Cita.swift in Sources */,
				FBFFCE8F2C9B2D05003E5350 /* SceneDelegate.swift in Sources */,
				FB31CBAF2CA1C1F800A5A9BC /* ControladorPantallaCitas.swift in Sources */,
			);
			runOnlyForDeploymentPostprocessing = 0;
		};
		FBFFCE9B2C9B2D06003E5350 /* Sources */ = {
			isa = PBXSourcesBuildPhase;
			buildActionMask = 2147483647;
			files = (
				FBFFCEA42C9B2D06003E5350 /* boceto_1Tests.swift in Sources */,
			);
			runOnlyForDeploymentPostprocessing = 0;
		};
		FBFFCEA52C9B2D06003E5350 /* Sources */ = {
			isa = PBXSourcesBuildPhase;
			buildActionMask = 2147483647;
			files = (
				FBFFCEB02C9B2D06003E5350 /* boceto_1UITestsLaunchTests.swift in Sources */,
				FBFFCEAE2C9B2D06003E5350 /* boceto_1UITests.swift in Sources */,
			);
			runOnlyForDeploymentPostprocessing = 0;
		};
/* End PBXSourcesBuildPhase section */

/* Begin PBXTargetDependency section */
		FBFFCEA12C9B2D06003E5350 /* PBXTargetDependency */ = {
			isa = PBXTargetDependency;
			target = FBFFCE882C9B2D05003E5350 /* boceto_1 */;
			targetProxy = FBFFCEA02C9B2D06003E5350 /* PBXContainerItemProxy */;
		};
		FBFFCEAB2C9B2D06003E5350 /* PBXTargetDependency */ = {
			isa = PBXTargetDependency;
			target = FBFFCE882C9B2D05003E5350 /* boceto_1 */;
			targetProxy = FBFFCEAA2C9B2D06003E5350 /* PBXContainerItemProxy */;
		};
/* End PBXTargetDependency section */

/* Begin PBXVariantGroup section */
		FBFFCE922C9B2D05003E5350 /* Main.storyboard */ = {
			isa = PBXVariantGroup;
			children = (
				FBFFCE932C9B2D05003E5350 /* Base */,
			);
			name = Main.storyboard;
			sourceTree = "<group>";
		};
		FBFFCE972C9B2D06003E5350 /* LaunchScreen.storyboard */ = {
			isa = PBXVariantGroup;
			children = (
				FBFFCE982C9B2D06003E5350 /* Base */,
			);
			name = LaunchScreen.storyboard;
			sourceTree = "<group>";
		};
/* End PBXVariantGroup section */

/* Begin XCBuildConfiguration section */
		FBFFCEB12C9B2D06003E5350 /* Debug */ = {
			isa = XCBuildConfiguration;
			buildSettings = {
				ALWAYS_SEARCH_USER_PATHS = NO;
				ASSETCATALOG_COMPILER_GENERATE_SWIFT_ASSET_SYMBOL_EXTENSIONS = YES;
				CLANG_ANALYZER_NONNULL = YES;
				CLANG_ANALYZER_NUMBER_OBJECT_CONVERSION = YES_AGGRESSIVE;
				CLANG_CXX_LANGUAGE_STANDARD = "gnu++20";
				CLANG_ENABLE_MODULES = YES;
				CLANG_ENABLE_OBJC_ARC = YES;
				CLANG_ENABLE_OBJC_WEAK = YES;
				CLANG_WARN_BLOCK_CAPTURE_AUTORELEASING = YES;
				CLANG_WARN_BOOL_CONVERSION = YES;
				CLANG_WARN_COMMA = YES;
				CLANG_WARN_CONSTANT_CONVERSION = YES;
				CLANG_WARN_DEPRECATED_OBJC_IMPLEMENTATIONS = YES;
				CLANG_WARN_DIRECT_OBJC_ISA_USAGE = YES_ERROR;
				CLANG_WARN_DOCUMENTATION_COMMENTS = YES;
				CLANG_WARN_EMPTY_BODY = YES;
				CLANG_WARN_ENUM_CONVERSION = YES;
				CLANG_WARN_INFINITE_RECURSION = YES;
				CLANG_WARN_INT_CONVERSION = YES;
				CLANG_WARN_NON_LITERAL_NULL_CONVERSION = YES;
				CLANG_WARN_OBJC_IMPLICIT_RETAIN_SELF = YES;
				CLANG_WARN_OBJC_LITERAL_CONVERSION = YES;
				CLANG_WARN_OBJC_ROOT_CLASS = YES_ERROR;
				CLANG_WARN_QUOTED_INCLUDE_IN_FRAMEWORK_HEADER = YES;
				CLANG_WARN_RANGE_LOOP_ANALYSIS = YES;
				CLANG_WARN_STRICT_PROTOTYPES = YES;
				CLANG_WARN_SUSPICIOUS_MOVE = YES;
				CLANG_WARN_UNGUARDED_AVAILABILITY = YES_AGGRESSIVE;
				CLANG_WARN_UNREACHABLE_CODE = YES;
				CLANG_WARN__DUPLICATE_METHOD_MATCH = YES;
				COPY_PHASE_STRIP = NO;
				DEBUG_INFORMATION_FORMAT = dwarf;
				ENABLE_STRICT_OBJC_MSGSEND = YES;
				ENABLE_TESTABILITY = YES;
				ENABLE_USER_SCRIPT_SANDBOXING = YES;
				GCC_C_LANGUAGE_STANDARD = gnu17;
				GCC_DYNAMIC_NO_PIC = NO;
				GCC_NO_COMMON_BLOCKS = YES;
				GCC_OPTIMIZATION_LEVEL = 0;
				GCC_PREPROCESSOR_DEFINITIONS = (
					"DEBUG=1",
					"$(inherited)",
				);
				GCC_WARN_64_TO_32_BIT_CONVERSION = YES;
				GCC_WARN_ABOUT_RETURN_TYPE = YES_ERROR;
				GCC_WARN_UNDECLARED_SELECTOR = YES;
				GCC_WARN_UNINITIALIZED_AUTOS = YES_AGGRESSIVE;
				GCC_WARN_UNUSED_FUNCTION = YES;
				GCC_WARN_UNUSED_VARIABLE = YES;
				IPHONEOS_DEPLOYMENT_TARGET = 17.5;
				LOCALIZATION_PREFERS_STRING_CATALOGS = YES;
				MTL_ENABLE_DEBUG_INFO = INCLUDE_SOURCE;
				MTL_FAST_MATH = YES;
				ONLY_ACTIVE_ARCH = YES;
				SDKROOT = iphoneos;
				SWIFT_ACTIVE_COMPILATION_CONDITIONS = "DEBUG $(inherited)";
				SWIFT_OPTIMIZATION_LEVEL = "-Onone";
			};
			name = Debug;
		};
		FBFFCEB22C9B2D06003E5350 /* Release */ = {
			isa = XCBuildConfiguration;
			buildSettings = {
				ALWAYS_SEARCH_USER_PATHS = NO;
				ASSETCATALOG_COMPILER_GENERATE_SWIFT_ASSET_SYMBOL_EXTENSIONS = YES;
				CLANG_ANALYZER_NONNULL = YES;
				CLANG_ANALYZER_NUMBER_OBJECT_CONVERSION = YES_AGGRESSIVE;
				CLANG_CXX_LANGUAGE_STANDARD = "gnu++20";
				CLANG_ENABLE_MODULES = YES;
				CLANG_ENABLE_OBJC_ARC = YES;
				CLANG_ENABLE_OBJC_WEAK = YES;
				CLANG_WARN_BLOCK_CAPTURE_AUTORELEASING = YES;
				CLANG_WARN_BOOL_CONVERSION = YES;
				CLANG_WARN_COMMA = YES;
				CLANG_WARN_CONSTANT_CONVERSION = YES;
				CLANG_WARN_DEPRECATED_OBJC_IMPLEMENTATIONS = YES;
				CLANG_WARN_DIRECT_OBJC_ISA_USAGE = YES_ERROR;
				CLANG_WARN_DOCUMENTATION_COMMENTS = YES;
				CLANG_WARN_EMPTY_BODY = YES;
				CLANG_WARN_ENUM_CONVERSION = YES;
				CLANG_WARN_INFINITE_RECURSION = YES;
				CLANG_WARN_INT_CONVERSION = YES;
				CLANG_WARN_NON_LITERAL_NULL_CONVERSION = YES;
				CLANG_WARN_OBJC_IMPLICIT_RETAIN_SELF = YES;
				CLANG_WARN_OBJC_LITERAL_CONVERSION = YES;
				CLANG_WARN_OBJC_ROOT_CLASS = YES_ERROR;
				CLANG_WARN_QUOTED_INCLUDE_IN_FRAMEWORK_HEADER = YES;
				CLANG_WARN_RANGE_LOOP_ANALYSIS = YES;
				CLANG_WARN_STRICT_PROTOTYPES = YES;
				CLANG_WARN_SUSPICIOUS_MOVE = YES;
				CLANG_WARN_UNGUARDED_AVAILABILITY = YES_AGGRESSIVE;
				CLANG_WARN_UNREACHABLE_CODE = YES;
				CLANG_WARN__DUPLICATE_METHOD_MATCH = YES;
				COPY_PHASE_STRIP = NO;
				DEBUG_INFORMATION_FORMAT = "dwarf-with-dsym";
				ENABLE_NS_ASSERTIONS = NO;
				ENABLE_STRICT_OBJC_MSGSEND = YES;
				ENABLE_USER_SCRIPT_SANDBOXING = YES;
				GCC_C_LANGUAGE_STANDARD = gnu17;
				GCC_NO_COMMON_BLOCKS = YES;
				GCC_WARN_64_TO_32_BIT_CONVERSION = YES;
				GCC_WARN_ABOUT_RETURN_TYPE = YES_ERROR;
				GCC_WARN_UNDECLARED_SELECTOR = YES;
				GCC_WARN_UNINITIALIZED_AUTOS = YES_AGGRESSIVE;
				GCC_WARN_UNUSED_FUNCTION = YES;
				GCC_WARN_UNUSED_VARIABLE = YES;
				IPHONEOS_DEPLOYMENT_TARGET = 17.5;
				LOCALIZATION_PREFERS_STRING_CATALOGS = YES;
				MTL_ENABLE_DEBUG_INFO = NO;
				MTL_FAST_MATH = YES;
				SDKROOT = iphoneos;
				SWIFT_COMPILATION_MODE = wholemodule;
				VALIDATE_PRODUCT = YES;
			};
			name = Release;
		};
		FBFFCEB42C9B2D06003E5350 /* Debug */ = {
			isa = XCBuildConfiguration;
			buildSettings = {
				ASSETCATALOG_COMPILER_APPICON_NAME = AppIcon;
				ASSETCATALOG_COMPILER_GLOBAL_ACCENT_COLOR_NAME = AccentColor;
				CODE_SIGN_STYLE = Automatic;
				CURRENT_PROJECT_VERSION = 1;
				GENERATE_INFOPLIST_FILE = YES;
				INFOPLIST_FILE = boceto_1/Info.plist;
				INFOPLIST_KEY_UIApplicationSupportsIndirectInputEvents = YES;
				INFOPLIST_KEY_UILaunchStoryboardName = LaunchScreen;
				INFOPLIST_KEY_UIMainStoryboardFile = Main;
				INFOPLIST_KEY_UISupportedInterfaceOrientations_iPad = "UIInterfaceOrientationPortrait UIInterfaceOrientationPortraitUpsideDown UIInterfaceOrientationLandscapeLeft UIInterfaceOrientationLandscapeRight";
				INFOPLIST_KEY_UISupportedInterfaceOrientations_iPhone = "UIInterfaceOrientationPortrait UIInterfaceOrientationLandscapeLeft UIInterfaceOrientationLandscapeRight";
				IPHONEOS_DEPLOYMENT_TARGET = 15.0;
				LD_RUNPATH_SEARCH_PATHS = (
					"$(inherited)",
					"@executable_path/Frameworks",
				);
				MARKETING_VERSION = 1.0;
				PRODUCT_BUNDLE_IDENTIFIER = "ddmi.boceto-1";
				PRODUCT_NAME = "$(TARGET_NAME)";
				SWIFT_EMIT_LOC_STRINGS = YES;
				SWIFT_VERSION = 5.0;
				TARGETED_DEVICE_FAMILY = "1,2";
			};
			name = Debug;
		};
		FBFFCEB52C9B2D06003E5350 /* Release */ = {
			isa = XCBuildConfiguration;
			buildSettings = {
				ASSETCATALOG_COMPILER_APPICON_NAME = AppIcon;
				ASSETCATALOG_COMPILER_GLOBAL_ACCENT_COLOR_NAME = AccentColor;
				CODE_SIGN_STYLE = Automatic;
				CURRENT_PROJECT_VERSION = 1;
				GENERATE_INFOPLIST_FILE = YES;
				INFOPLIST_FILE = boceto_1/Info.plist;
				INFOPLIST_KEY_UIApplicationSupportsIndirectInputEvents = YES;
				INFOPLIST_KEY_UILaunchStoryboardName = LaunchScreen;
				INFOPLIST_KEY_UIMainStoryboardFile = Main;
				INFOPLIST_KEY_UISupportedInterfaceOrientations_iPad = "UIInterfaceOrientationPortrait UIInterfaceOrientationPortraitUpsideDown UIInterfaceOrientationLandscapeLeft UIInterfaceOrientationLandscapeRight";
				INFOPLIST_KEY_UISupportedInterfaceOrientations_iPhone = "UIInterfaceOrientationPortrait UIInterfaceOrientationLandscapeLeft UIInterfaceOrientationLandscapeRight";
				IPHONEOS_DEPLOYMENT_TARGET = 15.0;
				LD_RUNPATH_SEARCH_PATHS = (
					"$(inherited)",
					"@executable_path/Frameworks",
				);
				MARKETING_VERSION = 1.0;
				PRODUCT_BUNDLE_IDENTIFIER = "ddmi.boceto-1";
				PRODUCT_NAME = "$(TARGET_NAME)";
				SWIFT_EMIT_LOC_STRINGS = YES;
				SWIFT_VERSION = 5.0;
				TARGETED_DEVICE_FAMILY = "1,2";
			};
			name = Release;
		};
		FBFFCEB72C9B2D06003E5350 /* Debug */ = {
			isa = XCBuildConfiguration;
			buildSettings = {
				ALWAYS_EMBED_SWIFT_STANDARD_LIBRARIES = YES;
				BUNDLE_LOADER = "$(TEST_HOST)";
				CODE_SIGN_STYLE = Automatic;
				CURRENT_PROJECT_VERSION = 1;
				GENERATE_INFOPLIST_FILE = YES;
				IPHONEOS_DEPLOYMENT_TARGET = 17.5;
				MARKETING_VERSION = 1.0;
				PRODUCT_BUNDLE_IDENTIFIER = "ddmi.boceto-1Tests";
				PRODUCT_NAME = "$(TARGET_NAME)";
				SWIFT_EMIT_LOC_STRINGS = NO;
				SWIFT_VERSION = 5.0;
				TARGETED_DEVICE_FAMILY = "1,2";
				TEST_HOST = "$(BUILT_PRODUCTS_DIR)/boceto_1.app/$(BUNDLE_EXECUTABLE_FOLDER_PATH)/boceto_1";
			};
			name = Debug;
		};
		FBFFCEB82C9B2D06003E5350 /* Release */ = {
			isa = XCBuildConfiguration;
			buildSettings = {
				ALWAYS_EMBED_SWIFT_STANDARD_LIBRARIES = YES;
				BUNDLE_LOADER = "$(TEST_HOST)";
				CODE_SIGN_STYLE = Automatic;
				CURRENT_PROJECT_VERSION = 1;
				GENERATE_INFOPLIST_FILE = YES;
				IPHONEOS_DEPLOYMENT_TARGET = 17.5;
				MARKETING_VERSION = 1.0;
				PRODUCT_BUNDLE_IDENTIFIER = "ddmi.boceto-1Tests";
				PRODUCT_NAME = "$(TARGET_NAME)";
				SWIFT_EMIT_LOC_STRINGS = NO;
				SWIFT_VERSION = 5.0;
				TARGETED_DEVICE_FAMILY = "1,2";
				TEST_HOST = "$(BUILT_PRODUCTS_DIR)/boceto_1.app/$(BUNDLE_EXECUTABLE_FOLDER_PATH)/boceto_1";
			};
			name = Release;
		};
		FBFFCEBA2C9B2D06003E5350 /* Debug */ = {
			isa = XCBuildConfiguration;
			buildSettings = {
				ALWAYS_EMBED_SWIFT_STANDARD_LIBRARIES = YES;
				CODE_SIGN_STYLE = Automatic;
				CURRENT_PROJECT_VERSION = 1;
				GENERATE_INFOPLIST_FILE = YES;
				MARKETING_VERSION = 1.0;
				PRODUCT_BUNDLE_IDENTIFIER = "ddmi.boceto-1UITests";
				PRODUCT_NAME = "$(TARGET_NAME)";
				SWIFT_EMIT_LOC_STRINGS = NO;
				SWIFT_VERSION = 5.0;
				TARGETED_DEVICE_FAMILY = "1,2";
				TEST_TARGET_NAME = boceto_1;
			};
			name = Debug;
		};
		FBFFCEBB2C9B2D06003E5350 /* Release */ = {
			isa = XCBuildConfiguration;
			buildSettings = {
				ALWAYS_EMBED_SWIFT_STANDARD_LIBRARIES = YES;
				CODE_SIGN_STYLE = Automatic;
				CURRENT_PROJECT_VERSION = 1;
				GENERATE_INFOPLIST_FILE = YES;
				MARKETING_VERSION = 1.0;
				PRODUCT_BUNDLE_IDENTIFIER = "ddmi.boceto-1UITests";
				PRODUCT_NAME = "$(TARGET_NAME)";
				SWIFT_EMIT_LOC_STRINGS = NO;
				SWIFT_VERSION = 5.0;
				TARGETED_DEVICE_FAMILY = "1,2";
				TEST_TARGET_NAME = boceto_1;
			};
			name = Release;
		};
/* End XCBuildConfiguration section */

/* Begin XCConfigurationList section */
		FBFFCE842C9B2D05003E5350 /* Build configuration list for PBXProject "boceto_1" */ = {
			isa = XCConfigurationList;
			buildConfigurations = (
				FBFFCEB12C9B2D06003E5350 /* Debug */,
				FBFFCEB22C9B2D06003E5350 /* Release */,
			);
			defaultConfigurationIsVisible = 0;
			defaultConfigurationName = Release;
		};
		FBFFCEB32C9B2D06003E5350 /* Build configuration list for PBXNativeTarget "boceto_1" */ = {
			isa = XCConfigurationList;
			buildConfigurations = (
				FBFFCEB42C9B2D06003E5350 /* Debug */,
				FBFFCEB52C9B2D06003E5350 /* Release */,
			);
			defaultConfigurationIsVisible = 0;
			defaultConfigurationName = Release;
		};
		FBFFCEB62C9B2D06003E5350 /* Build configuration list for PBXNativeTarget "boceto_1Tests" */ = {
			isa = XCConfigurationList;
			buildConfigurations = (
				FBFFCEB72C9B2D06003E5350 /* Debug */,
				FBFFCEB82C9B2D06003E5350 /* Release */,
			);
			defaultConfigurationIsVisible = 0;
			defaultConfigurationName = Release;
		};
		FBFFCEB92C9B2D06003E5350 /* Build configuration list for PBXNativeTarget "boceto_1UITests" */ = {
			isa = XCConfigurationList;
			buildConfigurations = (
				FBFFCEBA2C9B2D06003E5350 /* Debug */,
				FBFFCEBB2C9B2D06003E5350 /* Release */,
			);
			defaultConfigurationIsVisible = 0;
			defaultConfigurationName = Release;
		};
/* End XCConfigurationList section */
	};
	rootObject = FBFFCE812C9B2D05003E5350 /* Project object */;
}
